
Microsoft Visual Studio Solution File, Format Version 12.00
Project("{FAE04EC0-301F-11D3-BF4B-00C04F79EFBC}") = "ProductCatalogService.FTP", "ProductCatalogService.FTP\ProductCatalogService.FTP.csproj", "{97A251C7-C211-443F-A599-74D15E24727E}"
EndProject
Global
	GlobalSection(SolutionConfigurationPlatforms) = preSolution
		Debug|Any CPU = Debug|Any CPU
		Release|Any CPU = Release|Any CPU
	EndGlobalSection
	GlobalSection(ProjectConfigurationPlatforms) = postSolution
		{97A251C7-C211-443F-A599-74D15E24727E}.Debug|Any CPU.ActiveCfg = Debug|Any CPU
		{97A251C7-C211-443F-A599-74D15E24727E}.Debug|Any CPU.Build.0 = Debug|Any CPU
		{97A251C7-C211-443F-A599-74D15E24727E}.Release|Any CPU.ActiveCfg = Release|Any CPU
		{97A251C7-C211-443F-A599-74D15E24727E}.Release|Any CPU.Build.0 = Release|Any CPU
	EndGlobalSection
EndGlobal
